
Microsoft Visual Studio Solution File, Format Version 12.00
# Visual Studio Version 17
VisualStudioVersion = 17.11.35327.3
MinimumVisualStudioVersion = 10.0.40219.1
Project("{FAE04EC0-301F-11D3-BF4B-00C04F79EFBC}") = "DigitalSignage", "DigitalSignage\DigitalSignage.csproj", "{A01F0290-22EE-44F0-960B-14259F355715}"
EndProject
Global
	GlobalSection(SolutionConfigurationPlatforms) = preSolution
		Debug|Any CPU = Debug|Any CPU
		Release|Any CPU = Release|Any CPU
	EndGlobalSection
	GlobalSection(ProjectConfigurationPlatforms) = postSolution
		{A01F0290-22EE-44F0-960B-14259F355715}.Debug|Any CPU.ActiveCfg = Debug|Any CPU
		{A01F0290-22EE-44F0-960B-14259F355715}.Debug|Any CPU.Build.0 = Debug|Any CPU
		{A01F0290-22EE-44F0-960B-14259F355715}.Release|Any CPU.ActiveCfg = Release|Any CPU
		{A01F0290-22EE-44F0-960B-14259F355715}.Release|Any CPU.Build.0 = Release|Any CPU
	EndGlobalSection
	GlobalSection(SolutionProperties) = preSolution
		HideSolutionNode = FALSE
	EndGlobalSection
	GlobalSection(ExtensibilityGlobals) = postSolution
		SolutionGuid = {D5866F35-5B85-4B40-802E-31184EA086F7}
	EndGlobalSection
EndGlobal
